
Microsoft Visual Studio Solution File, Format Version 12.00
# Visual Studio Version 17
VisualStudioVersion = 17.1.32228.430
MinimumVisualStudioVersion = 10.0.40219.1
Project("{9A19103F-16F7-4668-BE54-9A1E7A4F7556}") = "FlashParking", "FlashParking\FlashParking.csproj", "{4E9305B8-4DA8-4FB1-89A9-F96B3C2F3B19}"
EndProject
Project("{FAE04EC0-301F-11D3-BF4B-00C04F79EFBC}") = "DataLayer", "DataLayer\DataLayer.csproj", "{6C3A6F53-4498-47FA-8C20-B9E2FC48C5BB}"
EndProject
Global
	GlobalSection(SolutionConfigurationPlatforms) = preSolution
		Debug|Any CPU = Debug|Any CPU
		Release|Any CPU = Release|Any CPU
	EndGlobalSection
	GlobalSection(ProjectConfigurationPlatforms) = postSolution
		{4E9305B8-4DA8-4FB1-89A9-F96B3C2F3B19}.Debug|Any CPU.ActiveCfg = Debug|Any CPU
		{4E9305B8-4DA8-4FB1-89A9-F96B3C2F3B19}.Debug|Any CPU.Build.0 = Debug|Any CPU
		{4E9305B8-4DA8-4FB1-89A9-F96B3C2F3B19}.Release|Any CPU.ActiveCfg = Release|Any CPU
		{4E9305B8-4DA8-4FB1-89A9-F96B3C2F3B19}.Release|Any CPU.Build.0 = Release|Any CPU
		{6C3A6F53-4498-47FA-8C20-B9E2FC48C5BB}.Debug|Any CPU.ActiveCfg = Debug|Any CPU
		{6C3A6F53-4498-47FA-8C20-B9E2FC48C5BB}.Debug|Any CPU.Build.0 = Debug|Any CPU
		{6C3A6F53-4498-47FA-8C20-B9E2FC48C5BB}.Release|Any CPU.ActiveCfg = Release|Any CPU
		{6C3A6F53-4498-47FA-8C20-B9E2FC48C5BB}.Release|Any CPU.Build.0 = Release|Any CPU
	EndGlobalSection
	GlobalSection(SolutionProperties) = preSolution
		HideSolutionNode = FALSE
	EndGlobalSection
	GlobalSection(ExtensibilityGlobals) = postSolution
		SolutionGuid = {9E8D19E7-43B1-4632-A989-6F441F4E85AB}
	EndGlobalSection
EndGlobal
